
Microsoft Visual Studio Solution File, Format Version 12.00
# Visual Studio Version 17
VisualStudioVersion = 17.7.34302.85
MinimumVisualStudioVersion = 10.0.40219.1
Project("{FAE04EC0-301F-11D3-BF4B-00C04F79EFBC}") = "WPF_KnowItAll_App", "WPF_KnowItAll_App\WPF_KnowItAll_App.csproj", "{6F13AD2F-F71D-4497-B644-52E73EFC68E9}"
EndProject
Global
	GlobalSection(SolutionConfigurationPlatforms) = preSolution
		Debug|Any CPU = Debug|Any CPU
		Release|Any CPU = Release|Any CPU
	EndGlobalSection
	GlobalSection(ProjectConfigurationPlatforms) = postSolution
		{6F13AD2F-F71D-4497-B644-52E73EFC68E9}.Debug|Any CPU.ActiveCfg = Debug|Any CPU
		{6F13AD2F-F71D-4497-B644-52E73EFC68E9}.Debug|Any CPU.Build.0 = Debug|Any CPU
		{6F13AD2F-F71D-4497-B644-52E73EFC68E9}.Release|Any CPU.ActiveCfg = Release|Any CPU
		{6F13AD2F-F71D-4497-B644-52E73EFC68E9}.Release|Any CPU.Build.0 = Release|Any CPU
	EndGlobalSection
	GlobalSection(SolutionProperties) = preSolution
		HideSolutionNode = FALSE
	EndGlobalSection
	GlobalSection(ExtensibilityGlobals) = postSolution
		SolutionGuid = {0DE4F184-F48E-45AE-A36B-503B861B044F}
	EndGlobalSection
EndGlobal
